
Microsoft Visual Studio Solution File, Format Version 12.00
# Visual Studio Version 17
VisualStudioVersion = 17.3.32901.215
MinimumVisualStudioVersion = 10.0.40219.1
Project("{FAE04EC0-301F-11D3-BF4B-00C04F79EFBC}") = "Bank-API.PresentationLayer", "Bank-API.PresentationLayer\Bank-API.PresentationLayer.csproj", "{E6336F17-00D7-4594-9A47-2AF0AF8BE66A}"
EndProject
Project("{FAE04EC0-301F-11D3-BF4B-00C04F79EFBC}") = "Bank-API.DataAccessLayer", "Bank-API.DataAccessLayer\Bank-API.DataAccessLayer.csproj", "{5257F01D-E96F-46A0-8808-BA730A8F0509}"
EndProject
Project("{FAE04EC0-301F-11D3-BF4B-00C04F79EFBC}") = "Bank-API.BusinessLogicLayer", "Bank-API.BusinessLogicLayer\Bank-API.BusinessLogicLayer.csproj", "{E707D2FE-584F-429C-9D00-42D82EA0F12B}"
EndProject
Global
	GlobalSection(SolutionConfigurationPlatforms) = preSolution
		Debug|Any CPU = Debug|Any CPU
		Release|Any CPU = Release|Any CPU
	EndGlobalSection
	GlobalSection(ProjectConfigurationPlatforms) = postSolution
		{E6336F17-00D7-4594-9A47-2AF0AF8BE66A}.Debug|Any CPU.ActiveCfg = Debug|Any CPU
		{E6336F17-00D7-4594-9A47-2AF0AF8BE66A}.Debug|Any CPU.Build.0 = Debug|Any CPU
		{E6336F17-00D7-4594-9A47-2AF0AF8BE66A}.Release|Any CPU.ActiveCfg = Release|Any CPU
		{E6336F17-00D7-4594-9A47-2AF0AF8BE66A}.Release|Any CPU.Build.0 = Release|Any CPU
		{5257F01D-E96F-46A0-8808-BA730A8F0509}.Debug|Any CPU.ActiveCfg = Debug|Any CPU
		{5257F01D-E96F-46A0-8808-BA730A8F0509}.Debug|Any CPU.Build.0 = Debug|Any CPU
		{5257F01D-E96F-46A0-8808-BA730A8F0509}.Release|Any CPU.ActiveCfg = Release|Any CPU
		{5257F01D-E96F-46A0-8808-BA730A8F0509}.Release|Any CPU.Build.0 = Release|Any CPU
		{E707D2FE-584F-429C-9D00-42D82EA0F12B}.Debug|Any CPU.ActiveCfg = Debug|Any CPU
		{E707D2FE-584F-429C-9D00-42D82EA0F12B}.Debug|Any CPU.Build.0 = Debug|Any CPU
		{E707D2FE-584F-429C-9D00-42D82EA0F12B}.Release|Any CPU.ActiveCfg = Release|Any CPU
		{E707D2FE-584F-429C-9D00-42D82EA0F12B}.Release|Any CPU.Build.0 = Release|Any CPU
	EndGlobalSection
	GlobalSection(SolutionProperties) = preSolution
		HideSolutionNode = FALSE
	EndGlobalSection
	GlobalSection(ExtensibilityGlobals) = postSolution
		SolutionGuid = {10405374-812D-4D3B-8B58-6B2D175B2E8A}
	EndGlobalSection
EndGlobal
